// !$*UTF8*$!
{
	archiveVersion = 1;
	classes = {
	};
	objectVersion = 50;
	objects = {

/* Begin PBXBuildFile section */
		8EAA519625D56A7A001BADAC /* AppDelegate.swift in Sources */ = {isa = PBXBuildFile; fileRef = 8EAA519525D56A7A001BADAC /* AppDelegate.swift */; };
		8EAA519825D56A7A001BADAC /* SceneDelegate.swift in Sources */ = {isa = PBXBuildFile; fileRef = 8EAA519725D56A7A001BADAC /* SceneDelegate.swift */; };
		8EAA519A25D56A7A001BADAC /* ViewController.swift in Sources */ = {isa = PBXBuildFile; fileRef = 8EAA519925D56A7A001BADAC /* ViewController.swift */; };
		8EAA519D25D56A7A001BADAC /* Main.storyboard in Resources */ = {isa = PBXBuildFile; fileRef = 8EAA519B25D56A7A001BADAC /* Main.storyboard */; };
		8EAA519F25D56A7C001BADAC /* Assets.xcassets in Resources */ = {isa = PBXBuildFile; fileRef = 8EAA519E25D56A7C001BADAC /* Assets.xcassets */; };
		8EAA51A225D56A7C001BADAC /* LaunchScreen.storyboard in Resources */ = {isa = PBXBuildFile; fileRef = 8EAA51A025D56A7C001BADAC /* LaunchScreen.storyboard */; };
		8EAA51AD25D56A7C001BADAC /* Stamp2Tests.swift in Sources */ = {isa = PBXBuildFile; fileRef = 8EAA51AC25D56A7C001BADAC /* Stamp2Tests.swift */; };
		8EAA51B825D56A7D001BADAC /* Stamp2UITests.swift in Sources */ = {isa = PBXBuildFile; fileRef = 8EAA51B725D56A7D001BADAC /* Stamp2UITests.swift */; };
/* End PBXBuildFile section */

/* Begin PBXContainerItemProxy section */
		8EAA51A925D56A7C001BADAC /* PBXContainerItemProxy */ = {
			isa = PBXContainerItemProxy;
			containerPortal = 8EAA518A25D56A7A001BADAC /* Project object */;
			proxyType = 1;
			remoteGlobalIDString = 8EAA519125D56A7A001BADAC;
			remoteInfo = Stamp2;
		};
		8EAA51B425D56A7D001BADAC /* PBXContainerItemProxy */ = {
			isa = PBXContainerItemProxy;
			containerPortal = 8EAA518A25D56A7A001BADAC /* Project object */;
			proxyType = 1;
			remoteGlobalIDString = 8EAA519125D56A7A001BADAC;
			remoteInfo = Stamp2;
		};
/* End PBXContainerItemProxy section */

/* Begin PBXFileReference section */
		8EAA519225D56A7A001BADAC /* Stamp2.app */ = {isa = PBXFileReference; explicitFileType = wrapper.application; includeInIndex = 0; path = Stamp2.app; sourceTree = BUILT_PRODUCTS_DIR; };
		8EAA519525D56A7A001BADAC /* AppDelegate.swift */ = {isa = PBXFileReference; lastKnownFileType = sourcecode.swift; path = AppDelegate.swift; sourceTree = "<group>"; };
		8EAA519725D56A7A001BADAC /* SceneDelegate.swift */ = {isa = PBXFileReference; lastKnownFileType = sourcecode.swift; path = SceneDelegate.swift; sourceTree = "<group>"; };
		8EAA519925D56A7A001BADAC /* ViewController.swift */ = {isa = PBXFileReference; lastKnownFileType = sourcecode.swift; path = ViewController.swift; sourceTree = "<group>"; };
		8EAA519C25D56A7A001BADAC /* Base */ = {isa = PBXFileReference; lastKnownFileType = file.storyboard; name = Base; path = Base.lproj/Main.storyboard; sourceTree = "<group>"; };
		8EAA519E25D56A7C001BADAC /* Assets.xcassets */ = {isa = PBXFileReference; lastKnownFileType = folder.assetcatalog; path = Assets.xcassets; sourceTree = "<group>"; };
		8EAA51A125D56A7C001BADAC /* Base */ = {isa = PBXFileReference; lastKnownFileType = file.storyboard; name = Base; path = Base.lproj/LaunchScreen.storyboard; sourceTree = "<group>"; };
		8EAA51A325D56A7C001BADAC /* Info.plist */ = {isa = PBXFileReference; lastKnownFileType = text.plist.xml; path = Info.plist; sourceTree = "<group>"; };
		8EAA51A825D56A7C001BADAC /* Stamp2Tests.xctest */ = {isa = PBXFileReference; explicitFileType = wrapper.cfbundle; includeInIndex = 0; path = Stamp2Tests.xctest; sourceTree = BUILT_PRODUCTS_DIR; };
		8EAA51AC25D56A7C001BADAC /* Stamp2Tests.swift */ = {isa = PBXFileReference; lastKnownFileType = sourcecode.swift; path = Stamp2Tests.swift; sourceTree = "<group>"; };
		8EAA51AE25D56A7C001BADAC /* Info.plist */ = {isa = PBXFileReference; lastKnownFileType = text.plist.xml; path = Info.plist; sourceTree = "<group>"; };
		8EAA51B325D56A7D001BADAC /* Stamp2UITests.xctest */ = {isa = PBXFileReference; explicitFileType = wrapper.cfbundle; includeInIndex = 0; path = Stamp2UITests.xctest; sourceTree = BUILT_PRODUCTS_DIR; };
		8EAA51B725D56A7D001BADAC /* Stamp2UITests.swift */ = {isa = PBXFileReference; lastKnownFileType = sourcecode.swift; path = Stamp2UITests.swift; sourceTree = "<group>"; };
		8EAA51B925D56A7D001BADAC /* Info.plist */ = {isa = PBXFileReference; lastKnownFileType = text.plist.xml; path = Info.plist; sourceTree = "<group>"; };
/* End PBXFileReference section */

/* Begin PBXFrameworksBuildPhase section */
		8EAA518F25D56A7A001BADAC /* Frameworks */ = {
			isa = PBXFrameworksBuildPhase;
			buildActionMask = 2147483647;
			files = (
			);
			runOnlyForDeploymentPostprocessing = 0;
		};
		8EAA51A525D56A7C001BADAC /* Frameworks */ = {
			isa = PBXFrameworksBuildPhase;
			buildActionMask = 2147483647;
			files = (
			);
			runOnlyForDeploymentPostprocessing = 0;
		};
		8EAA51B025D56A7D001BADAC /* Frameworks */ = {
			isa = PBXFrameworksBuildPhase;
			buildActionMask = 2147483647;
			files = (
			);
			runOnlyForDeploymentPostprocessing = 0;
		};
/* End PBXFrameworksBuildPhase section */

/* Begin PBXGroup section */
		8EAA518925D56A7A001BADAC = {
			isa = PBXGroup;
			children = (
				8EAA519425D56A7A001BADAC /* Stamp2 */,
				8EAA51AB25D56A7C001BADAC /* Stamp2Tests */,
				8EAA51B625D56A7D001BADAC /* Stamp2UITests */,
				8EAA519325D56A7A001BADAC /* Products */,
			);
			sourceTree = "<group>";
		};
		8EAA519325D56A7A001BADAC /* Products */ = {
			isa = PBXGroup;
			children = (
				8EAA519225D56A7A001BADAC /* Stamp2.app */,
				8EAA51A825D56A7C001BADAC /* Stamp2Tests.xctest */,
				8EAA51B325D56A7D001BADAC /* Stamp2UITests.xctest */,
			);
			name = Products;
			sourceTree = "<group>";
		};
		8EAA519425D56A7A001BADAC /* Stamp2 */ = {
			isa = PBXGroup;
			children = (
				8EAA519525D56A7A001BADAC /* AppDelegate.swift */,
				8EAA519725D56A7A001BADAC /* SceneDelegate.swift */,
				8EAA519925D56A7A001BADAC /* ViewController.swift */,
				8EAA519B25D56A7A001BADAC /* Main.storyboard */,
				8EAA519E25D56A7C001BADAC /* Assets.xcassets */,
				8EAA51A025D56A7C001BADAC /* LaunchScreen.storyboard */,
				8EAA51A325D56A7C001BADAC /* Info.plist */,
			);
			path = Stamp2;
			sourceTree = "<group>";
		};
		8EAA51AB25D56A7C001BADAC /* Stamp2Tests */ = {
			isa = PBXGroup;
			children = (
				8EAA51AC25D56A7C001BADAC /* Stamp2Tests.swift */,
				8EAA51AE25D56A7C001BADAC /* Info.plist */,
			);
			path = Stamp2Tests;
			sourceTree = "<group>";
		};
		8EAA51B625D56A7D001BADAC /* Stamp2UITests */ = {
			isa = PBXGroup;
			children = (
				8EAA51B725D56A7D001BADAC /* Stamp2UITests.swift */,
				8EAA51B925D56A7D001BADAC /* Info.plist */,
			);
			path = Stamp2UITests;
			sourceTree = "<group>";
		};
/* End PBXGroup section */

/* Begin PBXNativeTarget section */
		8EAA519125D56A7A001BADAC /* Stamp2 */ = {
			isa = PBXNativeTarget;
			buildConfigurationList = 8EAA51BC25D56A7D001BADAC /* Build configuration list for PBXNativeTarget "Stamp2" */;
			buildPhases = (
				8EAA518E25D56A7A001BADAC /* Sources */,
				8EAA518F25D56A7A001BADAC /* Frameworks */,
				8EAA519025D56A7A001BADAC /* Resources */,
			);
			buildRules = (
			);
			dependencies = (
			);
			name = Stamp2;
			productName = Stamp2;
			productReference = 8EAA519225D56A7A001BADAC /* Stamp2.app */;
			productType = "com.apple.product-type.application";
		};
		8EAA51A725D56A7C001BADAC /* Stamp2Tests */ = {
			isa = PBXNativeTarget;
			buildConfigurationList = 8EAA51BF25D56A7D001BADAC /* Build configuration list for PBXNativeTarget "Stamp2Tests" */;
			buildPhases = (
				8EAA51A425D56A7C001BADAC /* Sources */,
				8EAA51A525D56A7C001BADAC /* Frameworks */,
				8EAA51A625D56A7C001BADAC /* Resources */,
			);
			buildRules = (
			);
			dependencies = (
				8EAA51AA25D56A7C001BADAC /* PBXTargetDependency */,
			);
			name = Stamp2Tests;
			productName = Stamp2Tests;
			productReference = 8EAA51A825D56A7C001BADAC /* Stamp2Tests.xctest */;
			productType = "com.apple.product-type.bundle.unit-test";
		};
		8EAA51B225D56A7D001BADAC /* Stamp2UITests */ = {
			isa = PBXNativeTarget;
			buildConfigurationList = 8EAA51C225D56A7D001BADAC /* Build configuration list for PBXNativeTarget "Stamp2UITests" */;
			buildPhases = (
				8EAA51AF25D56A7D001BADAC /* Sources */,
				8EAA51B025D56A7D001BADAC /* Frameworks */,
				8EAA51B125D56A7D001BADAC /* Resources */,
			);
			buildRules = (
			);
			dependencies = (
				8EAA51B525D56A7D001BADAC /* PBXTargetDependency */,
			);
			name = Stamp2UITests;
			productName = Stamp2UITests;
			productReference = 8EAA51B325D56A7D001BADAC /* Stamp2UITests.xctest */;
			productType = "com.apple.product-type.bundle.ui-testing";
		};
/* End PBXNativeTarget section */

/* Begin PBXProject section */
		8EAA518A25D56A7A001BADAC /* Project object */ = {
			isa = PBXProject;
			attributes = {
				LastSwiftUpdateCheck = 1230;
				LastUpgradeCheck = 1230;
				TargetAttributes = {
					8EAA519125D56A7A001BADAC = {
						CreatedOnToolsVersion = 12.3;
					};
					8EAA51A725D56A7C001BADAC = {
						CreatedOnToolsVersion = 12.3;
						TestTargetID = 8EAA519125D56A7A001BADAC;
					};
					8EAA51B225D56A7D001BADAC = {
						CreatedOnToolsVersion = 12.3;
						TestTargetID = 8EAA519125D56A7A001BADAC;
					};
				};
			};
			buildConfigurationList = 8EAA518D25D56A7A001BADAC /* Build configuration list for PBXProject "Stamp2" */;
			compatibilityVersion = "Xcode 9.3";
			developmentRegion = en;
			hasScannedForEncodings = 0;
			knownRegions = (
				en,
				Base,
			);
			mainGroup = 8EAA518925D56A7A001BADAC;
			productRefGroup = 8EAA519325D56A7A001BADAC /* Products */;
			projectDirPath = "";
			projectRoot = "";
			targets = (
				8EAA519125D56A7A001BADAC /* Stamp2 */,
				8EAA51A725D56A7C001BADAC /* Stamp2Tests */,
				8EAA51B225D56A7D001BADAC /* Stamp2UITests */,
			);
		};
/* End PBXProject section */

/* Begin PBXResourcesBuildPhase section */
		8EAA519025D56A7A001BADAC /* Resources */ = {
			isa = PBXResourcesBuildPhase;
			buildActionMask = 2147483647;
			files = (
				8EAA51A225D56A7C001BADAC /* LaunchScreen.storyboard in Resources */,
				8EAA519F25D56A7C001BADAC /* Assets.xcassets in Resources */,
				8EAA519D25D56A7A001BADAC /* Main.storyboard in Resources */,
			);
			runOnlyForDeploymentPostprocessing = 0;
		};
		8EAA51A625D56A7C001BADAC /* Resources */ = {
			isa = PBXResourcesBuildPhase;
			buildActionMask = 2147483647;
			files = (
			);
			runOnlyForDeploymentPostprocessing = 0;
		};
		8EAA51B125D56A7D001BADAC /* Resources */ = {
			isa = PBXResourcesBuildPhase;
			buildActionMask = 2147483647;
			files = (
			);
			runOnlyForDeploymentPostprocessing = 0;
		};
/* End PBXResourcesBuildPhase section */

/* Begin PBXSourcesBuildPhase section */
		8EAA518E25D56A7A001BADAC /* Sources */ = {
			isa = PBXSourcesBuildPhase;
			buildActionMask = 2147483647;
			files = (
				8EAA519A25D56A7A001BADAC /* ViewController.swift in Sources */,
				8EAA519625D56A7A001BADAC /* AppDelegate.swift in Sources */,
				8EAA519825D56A7A001BADAC /* SceneDelegate.swift in Sources */,
			);
			runOnlyForDeploymentPostprocessing = 0;
		};
		8EAA51A425D56A7C001BADAC /* Sources */ = {
			isa = PBXSourcesBuildPhase;
			buildActionMask = 2147483647;
			files = (
				8EAA51AD25D56A7C001BADAC /* Stamp2Tests.swift in Sources */,
			);
			runOnlyForDeploymentPostprocessing = 0;
		};
		8EAA51AF25D56A7D001BADAC /* Sources */ = {
			isa = PBXSourcesBuildPhase;
			buildActionMask = 2147483647;
			files = (
				8EAA51B825D56A7D001BADAC /* Stamp2UITests.swift in Sources */,
			);
			runOnlyForDeploymentPostprocessing = 0;
		};
/* End PBXSourcesBuildPhase section */

/* Begin PBXTargetDependency section */
		8EAA51AA25D56A7C001BADAC /* PBXTargetDependency */ = {
			isa = PBXTargetDependency;
			target = 8EAA519125D56A7A001BADAC /* Stamp2 */;
			targetProxy = 8EAA51A925D56A7C001BADAC /* PBXContainerItemProxy */;
		};
		8EAA51B525D56A7D001BADAC /* PBXTargetDependency */ = {
			isa = PBXTargetDependency;
			target = 8EAA519125D56A7A001BADAC /* Stamp2 */;
			targetProxy = 8EAA51B425D56A7D001BADAC /* PBXContainerItemProxy */;
		};
/* End PBXTargetDependency section */

/* Begin PBXVariantGroup section */
		8EAA519B25D56A7A001BADAC /* Main.storyboard */ = {
			isa = PBXVariantGroup;
			children = (
				8EAA519C25D56A7A001BADAC /* Base */,
			);
			name = Main.storyboard;
			sourceTree = "<group>";
		};
		8EAA51A025D56A7C001BADAC /* LaunchScreen.storyboard */ = {
			isa = PBXVariantGroup;
			children = (
				8EAA51A125D56A7C001BADAC /* Base */,
			);
			name = LaunchScreen.storyboard;
			sourceTree = "<group>";
		};
/* End PBXVariantGroup section */

/* Begin XCBuildConfiguration section */
		8EAA51BA25D56A7D001BADAC /* Debug */ = {
			isa = XCBuildConfiguration;
			buildSettings = {
				ALWAYS_SEARCH_USER_PATHS = NO;
				CLANG_ANALYZER_NONNULL = YES;
				CLANG_ANALYZER_NUMBER_OBJECT_CONVERSION = YES_AGGRESSIVE;
				CLANG_CXX_LANGUAGE_STANDARD = "gnu++14";
				CLANG_CXX_LIBRARY = "libc++";
				CLANG_ENABLE_MODULES = YES;
				CLANG_ENABLE_OBJC_ARC = YES;
				CLANG_ENABLE_OBJC_WEAK = YES;
				CLANG_WARN_BLOCK_CAPTURE_AUTORELEASING = YES;
				CLANG_WARN_BOOL_CONVERSION = YES;
				CLANG_WARN_COMMA = YES;
				CLANG_WARN_CONSTANT_CONVERSION = YES;
				CLANG_WARN_DEPRECATED_OBJC_IMPLEMENTATIONS = YES;
				CLANG_WARN_DIRECT_OBJC_ISA_USAGE = YES_ERROR;
				CLANG_WARN_DOCUMENTATION_COMMENTS = YES;
				CLANG_WARN_EMPTY_BODY = YES;
				CLANG_WARN_ENUM_CONVERSION = YES;
				CLANG_WARN_INFINITE_RECURSION = YES;
				CLANG_WARN_INT_CONVERSION = YES;
				CLANG_WARN_NON_LITERAL_NULL_CONVERSION = YES;
				CLANG_WARN_OBJC_IMPLICIT_RETAIN_SELF = YES;
				CLANG_WARN_OBJC_LITERAL_CONVERSION = YES;
				CLANG_WARN_OBJC_ROOT_CLASS = YES_ERROR;
				CLANG_WARN_QUOTED_INCLUDE_IN_FRAMEWORK_HEADER = YES;
				CLANG_WARN_RANGE_LOOP_ANALYSIS = YES;
				CLANG_WARN_STRICT_PROTOTYPES = YES;
				CLANG_WARN_SUSPICIOUS_MOVE = YES;
				CLANG_WARN_UNGUARDED_AVAILABILITY = YES_AGGRESSIVE;
				CLANG_WARN_UNREACHABLE_CODE = YES;
				CLANG_WARN__DUPLICATE_METHOD_MATCH = YES;
				COPY_PHASE_STRIP = NO;
				DEBUG_INFORMATION_FORMAT = dwarf;
				ENABLE_STRICT_OBJC_MSGSEND = YES;
				ENABLE_TESTABILITY = YES;
				GCC_C_LANGUAGE_STANDARD = gnu11;
				GCC_DYNAMIC_NO_PIC = NO;
				GCC_NO_COMMON_BLOCKS = YES;
				GCC_OPTIMIZATION_LEVEL = 0;
				GCC_PREPROCESSOR_DEFINITIONS = (
					"DEBUG=1",
					"$(inherited)",
				);
				GCC_WARN_64_TO_32_BIT_CONVERSION = YES;
				GCC_WARN_ABOUT_RETURN_TYPE = YES_ERROR;
				GCC_WARN_UNDECLARED_SELECTOR = YES;
				GCC_WARN_UNINITIALIZED_AUTOS = YES_AGGRESSIVE;
				GCC_WARN_UNUSED_FUNCTION = YES;
				GCC_WARN_UNUSED_VARIABLE = YES;
				IPHONEOS_DEPLOYMENT_TARGET = 14.3;
				MTL_ENABLE_DEBUG_INFO = INCLUDE_SOURCE;
				MTL_FAST_MATH = YES;
				ONLY_ACTIVE_ARCH = YES;
				SDKROOT = iphoneos;
				SWIFT_ACTIVE_COMPILATION_CONDITIONS = DEBUG;
				SWIFT_OPTIMIZATION_LEVEL = "-Onone";
			};
			name = Debug;
		};
		8EAA51BB25D56A7D001BADAC /* Release */ = {
			isa = XCBuildConfiguration;
			buildSettings = {
				ALWAYS_SEARCH_USER_PATHS = NO;
				CLANG_ANALYZER_NONNULL = YES;
				CLANG_ANALYZER_NUMBER_OBJECT_CONVERSION = YES_AGGRESSIVE;
				CLANG_CXX_LANGUAGE_STANDARD = "gnu++14";
				CLANG_CXX_LIBRARY = "libc++";
				CLANG_ENABLE_MODULES = YES;
				CLANG_ENABLE_OBJC_ARC = YES;
				CLANG_ENABLE_OBJC_WEAK = YES;
				CLANG_WARN_BLOCK_CAPTURE_AUTORELEASING = YES;
				CLANG_WARN_BOOL_CONVERSION = YES;
				CLANG_WARN_COMMA = YES;
				CLANG_WARN_CONSTANT_CONVERSION = YES;
				CLANG_WARN_DEPRECATED_OBJC_IMPLEMENTATIONS = YES;
				CLANG_WARN_DIRECT_OBJC_ISA_USAGE = YES_ERROR;
				CLANG_WARN_DOCUMENTATION_COMMENTS = YES;
				CLANG_WARN_EMPTY_BODY = YES;
				CLANG_WARN_ENUM_CONVERSION = YES;
				CLANG_WARN_INFINITE_RECURSION = YES;
				CLANG_WARN_INT_CONVERSION = YES;
				CLANG_WARN_NON_LITERAL_NULL_CONVERSION = YES;
				CLANG_WARN_OBJC_IMPLICIT_RETAIN_SELF = YES;
				CLANG_WARN_OBJC_LITERAL_CONVERSION = YES;
				CLANG_WARN_OBJC_ROOT_CLASS = YES_ERROR;
				CLANG_WARN_QUOTED_INCLUDE_IN_FRAMEWORK_HEADER = YES;
				CLANG_WARN_RANGE_LOOP_ANALYSIS = YES;
				CLANG_WARN_STRICT_PROTOTYPES = YES;
				CLANG_WARN_SUSPICIOUS_MOVE = YES;
				CLANG_WARN_UNGUARDED_AVAILABILITY = YES_AGGRESSIVE;
				CLANG_WARN_UNREACHABLE_CODE = YES;
				CLANG_WARN__DUPLICATE_METHOD_MATCH = YES;
				COPY_PHASE_STRIP = NO;
				DEBUG_INFORMATION_FORMAT = "dwarf-with-dsym";
				ENABLE_NS_ASSERTIONS = NO;
				ENABLE_STRICT_OBJC_MSGSEND = YES;
				GCC_C_LANGUAGE_STANDARD = gnu11;
				GCC_NO_COMMON_BLOCKS = YES;
				GCC_WARN_64_TO_32_BIT_CONVERSION = YES;
				GCC_WARN_ABOUT_RETURN_TYPE = YES_ERROR;
				GCC_WARN_UNDECLARED_SELECTOR = YES;
				GCC_WARN_UNINITIALIZED_AUTOS = YES_AGGRESSIVE;
				GCC_WARN_UNUSED_FUNCTION = YES;
				GCC_WARN_UNUSED_VARIABLE = YES;
				IPHONEOS_DEPLOYMENT_TARGET = 14.3;
				MTL_ENABLE_DEBUG_INFO = NO;
				MTL_FAST_MATH = YES;
				SDKROOT = iphoneos;
				SWIFT_COMPILATION_MODE = wholemodule;
				SWIFT_OPTIMIZATION_LEVEL = "-O";
				VALIDATE_PRODUCT = YES;
			};
			name = Release;
		};
		8EAA51BD25D56A7D001BADAC /* Debug */ = {
			isa = XCBuildConfiguration;
			buildSettings = {
				ASSETCATALOG_COMPILER_APPICON_NAME = AppIcon;
				ASSETCATALOG_COMPILER_GLOBAL_ACCENT_COLOR_NAME = AccentColor;
				CODE_SIGN_STYLE = Automatic;
				INFOPLIST_FILE = Stamp2/Info.plist;
				LD_RUNPATH_SEARCH_PATHS = (
					"$(inherited)",
					"@executable_path/Frameworks",
				);
				PRODUCT_BUNDLE_IDENTIFIER = app.saito.rukapon.Stamp2;
				PRODUCT_NAME = "$(TARGET_NAME)";
				SWIFT_VERSION = 5.0;
				TARGETED_DEVICE_FAMILY = "1,2";
			};
			name = Debug;
		};
		8EAA51BE25D56A7D001BADAC /* Release */ = {
			isa = XCBuildConfiguration;
			buildSettings = {
				ASSETCATALOG_COMPILER_APPICON_NAME = AppIcon;
				ASSETCATALOG_COMPILER_GLOBAL_ACCENT_COLOR_NAME = AccentColor;
				CODE_SIGN_STYLE = Automatic;
				INFOPLIST_FILE = Stamp2/Info.plist;
				LD_RUNPATH_SEARCH_PATHS = (
					"$(inherited)",
					"@executable_path/Frameworks",
				);
				PRODUCT_BUNDLE_IDENTIFIER = app.saito.rukapon.Stamp2;
				PRODUCT_NAME = "$(TARGET_NAME)";
				SWIFT_VERSION = 5.0;
				TARGETED_DEVICE_FAMILY = "1,2";
			};
			name = Release;
		};
		8EAA51C025D56A7D001BADAC /* Debug */ = {
			isa = XCBuildConfiguration;
			buildSettings = {
				ALWAYS_EMBED_SWIFT_STANDARD_LIBRARIES = YES;
				BUNDLE_LOADER = "$(TEST_HOST)";
				CODE_SIGN_STYLE = Automatic;
				INFOPLIST_FILE = Stamp2Tests/Info.plist;
				IPHONEOS_DEPLOYMENT_TARGET = 14.3;
				LD_RUNPATH_SEARCH_PATHS = (
					"$(inherited)",
					"@executable_path/Frameworks",
					"@loader_path/Frameworks",
				);
				PRODUCT_BUNDLE_IDENTIFIER = app.saito.rukapon.Stamp2Tests;
				PRODUCT_NAME = "$(TARGET_NAME)";
				SWIFT_VERSION = 5.0;
				TARGETED_DEVICE_FAMILY = "1,2";
				TEST_HOST = "$(BUILT_PRODUCTS_DIR)/Stamp2.app/Stamp2";
			};
			name = Debug;
		};
		8EAA51C125D56A7D001BADAC /* Release */ = {
			isa = XCBuildConfiguration;
			buildSettings = {
				ALWAYS_EMBED_SWIFT_STANDARD_LIBRARIES = YES;
				BUNDLE_LOADER = "$(TEST_HOST)";
				CODE_SIGN_STYLE = Automatic;
				INFOPLIST_FILE = Stamp2Tests/Info.plist;
				IPHONEOS_DEPLOYMENT_TARGET = 14.3;
				LD_RUNPATH_SEARCH_PATHS = (
					"$(inherited)",
					"@executable_path/Frameworks",
					"@loader_path/Frameworks",
				);
				PRODUCT_BUNDLE_IDENTIFIER = app.saito.rukapon.Stamp2Tests;
				PRODUCT_NAME = "$(TARGET_NAME)";
				SWIFT_VERSION = 5.0;
				TARGETED_DEVICE_FAMILY = "1,2";
				TEST_HOST = "$(BUILT_PRODUCTS_DIR)/Stamp2.app/Stamp2";
			};
			name = Release;
		};
		8EAA51C325D56A7D001BADAC /* Debug */ = {
			isa = XCBuildConfiguration;
			buildSettings = {
				ALWAYS_EMBED_SWIFT_STANDARD_LIBRARIES = YES;
				CODE_SIGN_STYLE = Automatic;
				INFOPLIST_FILE = Stamp2UITests/Info.plist;
				LD_RUNPATH_SEARCH_PATHS = (
					"$(inherited)",
					"@executable_path/Frameworks",
					"@loader_path/Frameworks",
				);
				PRODUCT_BUNDLE_IDENTIFIER = app.saito.rukapon.Stamp2UITests;
				PRODUCT_NAME = "$(TARGET_NAME)";
				SWIFT_VERSION = 5.0;
				TARGETED_DEVICE_FAMILY = "1,2";
				TEST_TARGET_NAME = Stamp2;
			};
			name = Debug;
		};
		8EAA51C425D56A7D001BADAC /* Release */ = {
			isa = XCBuildConfiguration;
			buildSettings = {
				ALWAYS_EMBED_SWIFT_STANDARD_LIBRARIES = YES;
				CODE_SIGN_STYLE = Automatic;
				INFOPLIST_FILE = Stamp2UITests/Info.plist;
				LD_RUNPATH_SEARCH_PATHS = (
					"$(inherited)",
					"@executable_path/Frameworks",
					"@loader_path/Frameworks",
				);
				PRODUCT_BUNDLE_IDENTIFIER = app.saito.rukapon.Stamp2UITests;
				PRODUCT_NAME = "$(TARGET_NAME)";
				SWIFT_VERSION = 5.0;
				TARGETED_DEVICE_FAMILY = "1,2";
				TEST_TARGET_NAME = Stamp2;
			};
			name = Release;
		};
/* End XCBuildConfiguration section */

/* Begin XCConfigurationList section */
		8EAA518D25D56A7A001BADAC /* Build configuration list for PBXProject "Stamp2" */ = {
			isa = XCConfigurationList;
			buildConfigurations = (
				8EAA51BA25D56A7D001BADAC /* Debug */,
				8EAA51BB25D56A7D001BADAC /* Release */,
			);
			defaultConfigurationIsVisible = 0;
			defaultConfigurationName = Release;
		};
		8EAA51BC25D56A7D001BADAC /* Build configuration list for PBXNativeTarget "Stamp2" */ = {
			isa = XCConfigurationList;
			buildConfigurations = (
				8EAA51BD25D56A7D001BADAC /* Debug */,
				8EAA51BE25D56A7D001BADAC /* Release */,
			);
			defaultConfigurationIsVisible = 0;
			defaultConfigurationName = Release;
		};
		8EAA51BF25D56A7D001BADAC /* Build configuration list for PBXNativeTarget "Stamp2Tests" */ = {
			isa = XCConfigurationList;
			buildConfigurations = (
				8EAA51C025D56A7D001BADAC /* Debug */,
				8EAA51C125D56A7D001BADAC /* Release */,
			);
			defaultConfigurationIsVisible = 0;
			defaultConfigurationName = Release;
		};
		8EAA51C225D56A7D001BADAC /* Build configuration list for PBXNativeTarget "Stamp2UITests" */ = {
			isa = XCConfigurationList;
			buildConfigurations = (
				8EAA51C325D56A7D001BADAC /* Debug */,
				8EAA51C425D56A7D001BADAC /* Release */,
			);
			defaultConfigurationIsVisible = 0;
			defaultConfigurationName = Release;
		};
/* End XCConfigurationList section */
	};
	rootObject = 8EAA518A25D56A7A001BADAC /* Project object */;
}
